// !$*UTF8*$!
{
	archiveVersion = 1;
	classes = {
	};
	objectVersion = 46;
	objects = {

/* Begin PBXBuildFile section */
		860B2E99199D301C001504B7 /* Foundation.framework in Frameworks */ = {isa = PBXBuildFile; fileRef = 860B2E98199D301C001504B7 /* Foundation.framework */; };
		860B2E9B199D301D001504B7 /* CoreGraphics.framework in Frameworks */ = {isa = PBXBuildFile; fileRef = 860B2E9A199D301D001504B7 /* CoreGraphics.framework */; };
		860B2E9D199D301D001504B7 /* UIKit.framework in Frameworks */ = {isa = PBXBuildFile; fileRef = 860B2E9C199D301D001504B7 /* UIKit.framework */; };
		860B2EA3199D301D001504B7 /* InfoPlist.strings in Resources */ = {isa = PBXBuildFile; fileRef = 860B2EA1199D301D001504B7 /* InfoPlist.strings */; };
		860B2EA5199D301D001504B7 /* main.m in Sources */ = {isa = PBXBuildFile; fileRef = 860B2EA4199D301D001504B7 /* main.m */; };
		860B2EA9199D301D001504B7 /* AppDelegate.m in Sources */ = {isa = PBXBuildFile; fileRef = 860B2EA8199D301D001504B7 /* AppDelegate.m */; };
		860B2EAB199D301D001504B7 /* Images.xcassets in Resources */ = {isa = PBXBuildFile; fileRef = 860B2EAA199D301D001504B7 /* Images.xcassets */; };
		860B2EB2199D301D001504B7 /* XCTest.framework in Frameworks */ = {isa = PBXBuildFile; fileRef = 860B2EB1199D301D001504B7 /* XCTest.framework */; };
		860B2EB3199D301D001504B7 /* Foundation.framework in Frameworks */ = {isa = PBXBuildFile; fileRef = 860B2E98199D301C001504B7 /* Foundation.framework */; };
		860B2EB4199D301D001504B7 /* UIKit.framework in Frameworks */ = {isa = PBXBuildFile; fileRef = 860B2E9C199D301D001504B7 /* UIKit.framework */; };
		860B2EBC199D301D001504B7 /* InfoPlist.strings in Resources */ = {isa = PBXBuildFile; fileRef = 860B2EBA199D301D001504B7 /* InfoPlist.strings */; };
		860B2EBE199D301D001504B7 /* PodTestDemoTests.m in Sources */ = {isa = PBXBuildFile; fileRef = 860B2EBD199D301D001504B7 /* PodTestDemoTests.m */; };
		860B2ECA199D306B001504B7 /* PodTestClient.m in Sources */ = {isa = PBXBuildFile; fileRef = 860B2EC9199D306B001504B7 /* PodTestClient.m */; };
		860B2F4F199D384D001504B7 /* Core.framework in Frameworks */ = {isa = PBXBuildFile; fileRef = 860B2F4E199D384D001504B7 /* Core.framework */; };
/* End PBXBuildFile section */

/* Begin PBXContainerItemProxy section */
		860B2EB5199D301D001504B7 /* PBXContainerItemProxy */ = {
			isa = PBXContainerItemProxy;
			containerPortal = 860B2E8D199D301C001504B7 /* Project object */;
			proxyType = 1;
			remoteGlobalIDString = 860B2E94199D301C001504B7;
			remoteInfo = PodTestDemo;
		};
/* End PBXContainerItemProxy section */

/* Begin PBXFileReference section */
		860B2E95199D301C001504B7 /* PodTestClient.app */ = {isa = PBXFileReference; explicitFileType = wrapper.application; includeInIndex = 0; path = PodTestClient.app; sourceTree = BUILT_PRODUCTS_DIR; };
		860B2E98199D301C001504B7 /* Foundation.framework */ = {isa = PBXFileReference; lastKnownFileType = wrapper.framework; name = Foundation.framework; path = System/Library/Frameworks/Foundation.framework; sourceTree = SDKROOT; };
		860B2E9A199D301D001504B7 /* CoreGraphics.framework */ = {isa = PBXFileReference; lastKnownFileType = wrapper.framework; name = CoreGraphics.framework; path = System/Library/Frameworks/CoreGraphics.framework; sourceTree = SDKROOT; };
		860B2E9C199D301D001504B7 /* UIKit.framework */ = {isa = PBXFileReference; lastKnownFileType = wrapper.framework; name = UIKit.framework; path = System/Library/Frameworks/UIKit.framework; sourceTree = SDKROOT; };
		860B2EA0199D301D001504B7 /* PodTestClient-Info.plist */ = {isa = PBXFileReference; lastKnownFileType = text.plist.xml; path = "PodTestClient-Info.plist"; sourceTree = "<group>"; };
		860B2EA2199D301D001504B7 /* en */ = {isa = PBXFileReference; lastKnownFileType = text.plist.strings; name = en; path = en.lproj/InfoPlist.strings; sourceTree = "<group>"; };
		860B2EA4199D301D001504B7 /* main.m */ = {isa = PBXFileReference; lastKnownFileType = sourcecode.c.objc; path = main.m; sourceTree = "<group>"; };
		860B2EA6199D301D001504B7 /* PodTestClient-Prefix.pch */ = {isa = PBXFileReference; lastKnownFileType = sourcecode.c.h; path = "PodTestClient-Prefix.pch"; sourceTree = "<group>"; };
		860B2EA7199D301D001504B7 /* AppDelegate.h */ = {isa = PBXFileReference; lastKnownFileType = sourcecode.c.h; path = AppDelegate.h; sourceTree = "<group>"; };
		860B2EA8199D301D001504B7 /* AppDelegate.m */ = {isa = PBXFileReference; lastKnownFileType = sourcecode.c.objc; path = AppDelegate.m; sourceTree = "<group>"; };
		860B2EAA199D301D001504B7 /* Images.xcassets */ = {isa = PBXFileReference; lastKnownFileType = folder.assetcatalog; path = Images.xcassets; sourceTree = "<group>"; };
		860B2EB0199D301D001504B7 /* PodTestClientTests.xctest */ = {isa = PBXFileReference; explicitFileType = wrapper.cfbundle; includeInIndex = 0; path = PodTestClientTests.xctest; sourceTree = BUILT_PRODUCTS_DIR; };
		860B2EB1199D301D001504B7 /* XCTest.framework */ = {isa = PBXFileReference; lastKnownFileType = wrapper.framework; name = XCTest.framework; path = Library/Frameworks/XCTest.framework; sourceTree = DEVELOPER_DIR; };
		860B2EB9199D301D001504B7 /* PodTestClientTests-Info.plist */ = {isa = PBXFileReference; lastKnownFileType = text.plist.xml; path = "PodTestClientTests-Info.plist"; sourceTree = "<group>"; };
		860B2EBB199D301D001504B7 /* en */ = {isa = PBXFileReference; lastKnownFileType = text.plist.strings; name = en; path = en.lproj/InfoPlist.strings; sourceTree = "<group>"; };
		860B2EBD199D301D001504B7 /* PodTestDemoTests.m */ = {isa = PBXFileReference; lastKnownFileType = sourcecode.c.objc; path = PodTestDemoTests.m; sourceTree = "<group>"; };
		860B2EC8199D306B001504B7 /* PodTestClient.h */ = {isa = PBXFileReference; fileEncoding = 4; lastKnownFileType = sourcecode.c.h; name = PodTestClient.h; path = PodTestClient/PodTestClient.h; sourceTree = "<group>"; };
		860B2EC9199D306B001504B7 /* PodTestClient.m */ = {isa = PBXFileReference; fileEncoding = 4; lastKnownFileType = sourcecode.c.objc; name = PodTestClient.m; path = PodTestClient/PodTestClient.m; sourceTree = "<group>"; };
		860B2F4E199D384D001504B7 /* Core.framework */ = {isa = PBXFileReference; lastKnownFileType = wrapper.framework; path = Core.framework; sourceTree = "<group>"; };
/* End PBXFileReference section */

/* Begin PBXFrameworksBuildPhase section */
		860B2E92199D301C001504B7 /* Frameworks */ = {
			isa = PBXFrameworksBuildPhase;
			buildActionMask = 2147483647;
			files = (
				860B2E9B199D301D001504B7 /* CoreGraphics.framework in Frameworks */,
				860B2E9D199D301D001504B7 /* UIKit.framework in Frameworks */,
				860B2E99199D301C001504B7 /* Foundation.framework in Frameworks */,
				860B2F4F199D384D001504B7 /* Core.framework in Frameworks */,
			);
			runOnlyForDeploymentPostprocessing = 0;
		};
		860B2EAD199D301D001504B7 /* Frameworks */ = {
			isa = PBXFrameworksBuildPhase;
			buildActionMask = 2147483647;
			files = (
				860B2EB2199D301D001504B7 /* XCTest.framework in Frameworks */,
				860B2EB4199D301D001504B7 /* UIKit.framework in Frameworks */,
				860B2EB3199D301D001504B7 /* Foundation.framework in Frameworks */,
			);
			runOnlyForDeploymentPostprocessing = 0;
		};
/* End PBXFrameworksBuildPhase section */

/* Begin PBXGroup section */
		860B2E8C199D301C001504B7 = {
			isa = PBXGroup;
			children = (
				860B2F4E199D384D001504B7 /* Core.framework */,
				860B2EC7199D3043001504B7 /* PodTestClient */,
				860B2E9E199D301D001504B7 /* PodTestDemo */,
				860B2EB7199D301D001504B7 /* PodTestDemoTests */,
				860B2E97199D301C001504B7 /* Frameworks */,
				860B2E96199D301C001504B7 /* Products */,
			);
			sourceTree = "<group>";
		};
		860B2E96199D301C001504B7 /* Products */ = {
			isa = PBXGroup;
			children = (
				860B2E95199D301C001504B7 /* PodTestClient.app */,
				860B2EB0199D301D001504B7 /* PodTestClientTests.xctest */,
			);
			name = Products;
			sourceTree = "<group>";
		};
		860B2E97199D301C001504B7 /* Frameworks */ = {
			isa = PBXGroup;
			children = (
				860B2E98199D301C001504B7 /* Foundation.framework */,
				860B2E9A199D301D001504B7 /* CoreGraphics.framework */,
				860B2E9C199D301D001504B7 /* UIKit.framework */,
				860B2EB1199D301D001504B7 /* XCTest.framework */,
			);
			name = Frameworks;
			sourceTree = "<group>";
		};
		860B2E9E199D301D001504B7 /* PodTestDemo */ = {
			isa = PBXGroup;
			children = (
				860B2EA7199D301D001504B7 /* AppDelegate.h */,
				860B2EA8199D301D001504B7 /* AppDelegate.m */,
				860B2EAA199D301D001504B7 /* Images.xcassets */,
				860B2E9F199D301D001504B7 /* Supporting Files */,
			);
			path = PodTestDemo;
			sourceTree = "<group>";
		};
		860B2E9F199D301D001504B7 /* Supporting Files */ = {
			isa = PBXGroup;
			children = (
				860B2EA0199D301D001504B7 /* PodTestClient-Info.plist */,
				860B2EA1199D301D001504B7 /* InfoPlist.strings */,
				860B2EA4199D301D001504B7 /* main.m */,
				860B2EA6199D301D001504B7 /* PodTestClient-Prefix.pch */,
			);
			name = "Supporting Files";
			sourceTree = "<group>";
		};
		860B2EB7199D301D001504B7 /* PodTestDemoTests */ = {
			isa = PBXGroup;
			children = (
				860B2EBD199D301D001504B7 /* PodTestDemoTests.m */,
				860B2EB8199D301D001504B7 /* Supporting Files */,
			);
			path = PodTestDemoTests;
			sourceTree = "<group>";
		};
		860B2EB8199D301D001504B7 /* Supporting Files */ = {
			isa = PBXGroup;
			children = (
				860B2EB9199D301D001504B7 /* PodTestClientTests-Info.plist */,
				860B2EBA199D301D001504B7 /* InfoPlist.strings */,
			);
			name = "Supporting Files";
			sourceTree = "<group>";
		};
		860B2EC7199D3043001504B7 /* PodTestClient */ = {
			isa = PBXGroup;
			children = (
				860B2EC8199D306B001504B7 /* PodTestClient.h */,
				860B2EC9199D306B001504B7 /* PodTestClient.m */,
			);
			name = PodTestClient;
			sourceTree = "<group>";
		};
/* End PBXGroup section */

/* Begin PBXNativeTarget section */
		860B2E94199D301C001504B7 /* PodTestClient */ = {
			isa = PBXNativeTarget;
			buildConfigurationList = 860B2EC1199D301D001504B7 /* Build configuration list for PBXNativeTarget "PodTestClient" */;
			buildPhases = (
				860B2E91199D301C001504B7 /* Sources */,
				860B2E92199D301C001504B7 /* Frameworks */,
				860B2E93199D301C001504B7 /* Resources */,
			);
			buildRules = (
			);
			dependencies = (
			);
			name = PodTestClient;
			productName = PodTestDemo;
			productReference = 860B2E95199D301C001504B7 /* PodTestClient.app */;
			productType = "com.apple.product-type.application";
		};
		860B2EAF199D301D001504B7 /* PodTestClientTests */ = {
			isa = PBXNativeTarget;
			buildConfigurationList = 860B2EC4199D301D001504B7 /* Build configuration list for PBXNativeTarget "PodTestClientTests" */;
			buildPhases = (
				860B2EAC199D301D001504B7 /* Sources */,
				860B2EAD199D301D001504B7 /* Frameworks */,
				860B2EAE199D301D001504B7 /* Resources */,
			);
			buildRules = (
			);
			dependencies = (
				860B2EB6199D301D001504B7 /* PBXTargetDependency */,
			);
			name = PodTestClientTests;
			productName = PodTestDemoTests;
			productReference = 860B2EB0199D301D001504B7 /* PodTestClientTests.xctest */;
			productType = "com.apple.product-type.bundle.unit-test";
		};
/* End PBXNativeTarget section */

/* Begin PBXProject section */
		860B2E8D199D301C001504B7 /* Project object */ = {
			isa = PBXProject;
			attributes = {
				LastUpgradeCheck = 0510;
				ORGANIZATIONNAME = "刘铎";
				TargetAttributes = {
					860B2EAF199D301D001504B7 = {
						TestTargetID = 860B2E94199D301C001504B7;
					};
				};
			};
			buildConfigurationList = 860B2E90199D301C001504B7 /* Build configuration list for PBXProject "PodTestClient" */;
			compatibilityVersion = "Xcode 3.2";
			developmentRegion = English;
			hasScannedForEncodings = 0;
			knownRegions = (
				en,
			);
			mainGroup = 860B2E8C199D301C001504B7;
			productRefGroup = 860B2E96199D301C001504B7 /* Products */;
			projectDirPath = "";
			projectRoot = "";
			targets = (
				860B2E94199D301C001504B7 /* PodTestClient */,
				860B2EAF199D301D001504B7 /* PodTestClientTests */,
			);
		};
/* End PBXProject section */

/* Begin PBXResourcesBuildPhase section */
		860B2E93199D301C001504B7 /* Resources */ = {
			isa = PBXResourcesBuildPhase;
			buildActionMask = 2147483647;
			files = (
				860B2EA3199D301D001504B7 /* InfoPlist.strings in Resources */,
				860B2EAB199D301D001504B7 /* Images.xcassets in Resources */,
			);
			runOnlyForDeploymentPostprocessing = 0;
		};
		860B2EAE199D301D001504B7 /* Resources */ = {
			isa = PBXResourcesBuildPhase;
			buildActionMask = 2147483647;
			files = (
				860B2EBC199D301D001504B7 /* InfoPlist.strings in Resources */,
			);
			runOnlyForDeploymentPostprocessing = 0;
		};
/* End PBXResourcesBuildPhase section */

/* Begin PBXSourcesBuildPhase section */
		860B2E91199D301C001504B7 /* Sources */ = {
			isa = PBXSourcesBuildPhase;
			buildActionMask = 2147483647;
			files = (
				860B2ECA199D306B001504B7 /* PodTestClient.m in Sources */,
				860B2EA9199D301D001504B7 /* AppDelegate.m in Sources */,
				860B2EA5199D301D001504B7 /* main.m in Sources */,
			);
			runOnlyForDeploymentPostprocessing = 0;
		};
		860B2EAC199D301D001504B7 /* Sources */ = {
			isa = PBXSourcesBuildPhase;
			buildActionMask = 2147483647;
			files = (
				860B2EBE199D301D001504B7 /* PodTestDemoTests.m in Sources */,
			);
			runOnlyForDeploymentPostprocessing = 0;
		};
/* End PBXSourcesBuildPhase section */

/* Begin PBXTargetDependency section */
		860B2EB6199D301D001504B7 /* PBXTargetDependency */ = {
			isa = PBXTargetDependency;
			target = 860B2E94199D301C001504B7 /* PodTestClient */;
			targetProxy = 860B2EB5199D301D001504B7 /* PBXContainerItemProxy */;
		};
/* End PBXTargetDependency section */

/* Begin PBXVariantGroup section */
		860B2EA1199D301D001504B7 /* InfoPlist.strings */ = {
			isa = PBXVariantGroup;
			children = (
				860B2EA2199D301D001504B7 /* en */,
			);
			name = InfoPlist.strings;
			sourceTree = "<group>";
		};
		860B2EBA199D301D001504B7 /* InfoPlist.strings */ = {
			isa = PBXVariantGroup;
			children = (
				860B2EBB199D301D001504B7 /* en */,
			);
			name = InfoPlist.strings;
			sourceTree = "<group>";
		};
/* End PBXVariantGroup section */

/* Begin XCBuildConfiguration section */
		860B2EBF199D301D001504B7 /* Debug */ = {
			isa = XCBuildConfiguration;
			buildSettings = {
				ALWAYS_SEARCH_USER_PATHS = NO;
				CLANG_CXX_LANGUAGE_STANDARD = "gnu++0x";
				CLANG_CXX_LIBRARY = "libc++";
				CLANG_ENABLE_MODULES = YES;
				CLANG_ENABLE_OBJC_ARC = YES;
				CLANG_WARN_BOOL_CONVERSION = YES;
				CLANG_WARN_CONSTANT_CONVERSION = YES;
				CLANG_WARN_DIRECT_OBJC_ISA_USAGE = YES_ERROR;
				CLANG_WARN_EMPTY_BODY = YES;
				CLANG_WARN_ENUM_CONVERSION = YES;
				CLANG_WARN_INT_CONVERSION = YES;
				CLANG_WARN_OBJC_ROOT_CLASS = YES_ERROR;
				CLANG_WARN__DUPLICATE_METHOD_MATCH = YES;
				"CODE_SIGN_IDENTITY[sdk=iphoneos*]" = "iPhone Developer";
				COPY_PHASE_STRIP = NO;
				GCC_C_LANGUAGE_STANDARD = gnu99;
				GCC_DYNAMIC_NO_PIC = NO;
				GCC_OPTIMIZATION_LEVEL = 0;
				GCC_PREPROCESSOR_DEFINITIONS = (
					"DEBUG=1",
					"$(inherited)",
				);
				GCC_SYMBOLS_PRIVATE_EXTERN = NO;
				GCC_WARN_64_TO_32_BIT_CONVERSION = YES;
				GCC_WARN_ABOUT_RETURN_TYPE = YES_ERROR;
				GCC_WARN_UNDECLARED_SELECTOR = YES;
				GCC_WARN_UNINITIALIZED_AUTOS = YES_AGGRESSIVE;
				GCC_WARN_UNUSED_FUNCTION = YES;
				GCC_WARN_UNUSED_VARIABLE = YES;
				IPHONEOS_DEPLOYMENT_TARGET = 7.1;
				ONLY_ACTIVE_ARCH = YES;
				SDKROOT = iphoneos;
			};
			name = Debug;
		};
		860B2EC0199D301D001504B7 /* Release */ = {
			isa = XCBuildConfiguration;
			buildSettings = {
				ALWAYS_SEARCH_USER_PATHS = NO;
				CLANG_CXX_LANGUAGE_STANDARD = "gnu++0x";
				CLANG_CXX_LIBRARY = "libc++";
				CLANG_ENABLE_MODULES = YES;
				CLANG_ENABLE_OBJC_ARC = YES;
				CLANG_WARN_BOOL_CONVERSION = YES;
				CLANG_WARN_CONSTANT_CONVERSION = YES;
				CLANG_WARN_DIRECT_OBJC_ISA_USAGE = YES_ERROR;
				CLANG_WARN_EMPTY_BODY = YES;
				CLANG_WARN_ENUM_CONVERSION = YES;
				CLANG_WARN_INT_CONVERSION = YES;
				CLANG_WARN_OBJC_ROOT_CLASS = YES_ERROR;
				CLANG_WARN__DUPLICATE_METHOD_MATCH = YES;
				"CODE_SIGN_IDENTITY[sdk=iphoneos*]" = "iPhone Developer";
				COPY_PHASE_STRIP = YES;
				ENABLE_NS_ASSERTIONS = NO;
				GCC_C_LANGUAGE_STANDARD = gnu99;
				GCC_WARN_64_TO_32_BIT_CONVERSION = YES;
				GCC_WARN_ABOUT_RETURN_TYPE = YES_ERROR;
				GCC_WARN_UNDECLARED_SELECTOR = YES;
				GCC_WARN_UNINITIALIZED_AUTOS = YES_AGGRESSIVE;
				GCC_WARN_UNUSED_FUNCTION = YES;
				GCC_WARN_UNUSED_VARIABLE = YES;
				IPHONEOS_DEPLOYMENT_TARGET = 7.1;
				SDKROOT = iphoneos;
				VALIDATE_PRODUCT = YES;
			};
			name = Release;
		};
		860B2EC2199D301D001504B7 /* Debug */ = {
			isa = XCBuildConfiguration;
			buildSettings = {
				ASSETCATALOG_COMPILER_APPICON_NAME = AppIcon;
				ASSETCATALOG_COMPILER_LAUNCHIMAGE_NAME = LaunchImage;
				FRAMEWORK_SEARCH_PATHS = (
					"$(inherited)",
					"$(PROJECT_DIR)",
				);
				GCC_PRECOMPILE_PREFIX_HEADER = YES;
				GCC_PREFIX_HEADER = "PodTestDemo/PodTestClient-Prefix.pch";
				INFOPLIST_FILE = "PodTestDemo/PodTestClient-Info.plist";
				PRODUCT_NAME = PodTestClient;
				WRAPPER_EXTENSION = app;
			};
			name = Debug;
		};
		860B2EC3199D301D001504B7 /* Release */ = {
			isa = XCBuildConfiguration;
			buildSettings = {
				ASSETCATALOG_COMPILER_APPICON_NAME = AppIcon;
				ASSETCATALOG_COMPILER_LAUNCHIMAGE_NAME = LaunchImage;
				FRAMEWORK_SEARCH_PATHS = (
					"$(inherited)",
					"$(PROJECT_DIR)",
				);
				GCC_PRECOMPILE_PREFIX_HEADER = YES;
				GCC_PREFIX_HEADER = "PodTestDemo/PodTestClient-Prefix.pch";
				INFOPLIST_FILE = "PodTestDemo/PodTestClient-Info.plist";
				PRODUCT_NAME = PodTestClient;
				WRAPPER_EXTENSION = app;
			};
			name = Release;
		};
		860B2EC5199D301D001504B7 /* Debug */ = {
			isa = XCBuildConfiguration;
			buildSettings = {
				BUNDLE_LOADER = "$(BUILT_PRODUCTS_DIR)/PodTestDemo.app/PodTestDemo";
				FRAMEWORK_SEARCH_PATHS = (
					"$(SDKROOT)/Developer/Library/Frameworks",
					"$(inherited)",
					"$(DEVELOPER_FRAMEWORKS_DIR)",
				);
				GCC_PRECOMPILE_PREFIX_HEADER = YES;
				GCC_PREFIX_HEADER = "PodTestDemo/PodTestDemo-Prefix.pch";
				GCC_PREPROCESSOR_DEFINITIONS = (
					"DEBUG=1",
					"$(inherited)",
				);
				INFOPLIST_FILE = "PodTestDemoTests/PodTestClientTests-Info.plist";
				PRODUCT_NAME = PodTestClientTests;
				TEST_HOST = "$(BUNDLE_LOADER)";
				WRAPPER_EXTENSION = xctest;
			};
			name = Debug;
		};
		860B2EC6199D301D001504B7 /* Release */ = {
			isa = XCBuildConfiguration;
			buildSettings = {
				BUNDLE_LOADER = "$(BUILT_PRODUCTS_DIR)/PodTestDemo.app/PodTestDemo";
				FRAMEWORK_SEARCH_PATHS = (
					"$(SDKROOT)/Developer/Library/Frameworks",
					"$(inherited)",
					"$(DEVELOPER_FRAMEWORKS_DIR)",
				);
				GCC_PRECOMPILE_PREFIX_HEADER = YES;
				GCC_PREFIX_HEADER = "PodTestDemo/PodTestDemo-Prefix.pch";
				INFOPLIST_FILE = "PodTestDemoTests/PodTestClientTests-Info.plist";
				PRODUCT_NAME = PodTestClientTests;
				TEST_HOST = "$(BUNDLE_LOADER)";
				WRAPPER_EXTENSION = xctest;
			};
			name = Release;
		};
/* End XCBuildConfiguration section */

/* Begin XCConfigurationList section */
		860B2E90199D301C001504B7 /* Build configuration list for PBXProject "PodTestClient" */ = {
			isa = XCConfigurationList;
			buildConfigurations = (
				860B2EBF199D301D001504B7 /* Debug */,
				860B2EC0199D301D001504B7 /* Release */,
			);
			defaultConfigurationIsVisible = 0;
			defaultConfigurationName = Release;
		};
		860B2EC1199D301D001504B7 /* Build configuration list for PBXNativeTarget "PodTestClient" */ = {
			isa = XCConfigurationList;
			buildConfigurations = (
				860B2EC2199D301D001504B7 /* Debug */,
				860B2EC3199D301D001504B7 /* Release */,
			);
			defaultConfigurationIsVisible = 0;
			defaultConfigurationName = Release;
		};
		860B2EC4199D301D001504B7 /* Build configuration list for PBXNativeTarget "PodTestClientTests" */ = {
			isa = XCConfigurationList;
			buildConfigurations = (
				860B2EC5199D301D001504B7 /* Debug */,
				860B2EC6199D301D001504B7 /* Release */,
			);
			defaultConfigurationIsVisible = 0;
			defaultConfigurationName = Release;
		};
/* End XCConfigurationList section */
	};
	rootObject = 860B2E8D199D301C001504B7 /* Project object */;
}
